dependencies:
- name: openebs-crds
  repository: ""
  version: 4.6.0
- name: loki
  repository: https://grafana.github.io/helm-charts
  version: 6.29.0
- name: alloy
  repository: https://grafana.github.io/helm-charts
  version: 1.0.1
- name: localpv-provisioner
  repository: https://openebs.github.io/dynamic-localpv-provisioner
  version: 4.6.0
- name: zfs-localpv
  repository: https://openebs.github.io/zfs-localpv
  version: 2.11.0
- name: lvm-localpv
  repository: https://openebs.github.io/lvm-localpv
  version: 1.10.0
- name: rawfile-localpv
  repository: https://openebs.github.io/rawfile-localpv
  version: 0.15.0
- name: mayastor
  repository: https://openebs.github.io/mayastor-extensions
  version: 2.12.0
digest: sha256:6125b85dbc31fdde6ad6fc35165f1eecbe8703e0099769f4c8ebc8c28e69b1e4
generated: "2026-08-24T16:45:18.555514593Z"
